
Microsoft Visual Studio Solution File, Format Version 12.00
# Visual Studio 14
VisualStudioVersion = 14.0.24720.0
MinimumVisualStudioVersion = 10.0.40219.1
Project("{FAE04EC0-301F-11D3-BF4B-00C04F79EFBC}") = "CSharpEverything", "CSharpEverything\CSharpEverything.csproj", "{5608FD83-D1D0-44CA-B70E-57FC084E8B27}"
EndProject
Project("{FAE04EC0-301F-11D3-BF4B-00C04F79EFBC}") = "HowToBuildANewSystemFromScratch", "HowToBuildANewSystemFromScratch\HowToBuildANewSystemFromScratch.csproj", "{32089015-9411-405D-A528-98D4EBA30979}"
EndProject
Project("{FAE04EC0-301F-11D3-BF4B-00C04F79EFBC}") = "Web", "Web\Web.csproj", "{E5B996DA-7525-475B-96C7-41ED32C800AC}"
EndProject
Project("{FAE04EC0-301F-11D3-BF4B-00C04F79EFBC}") = "Test", "Test\Test.csproj", "{52381417-D8CB-46D3-9770-8FDE68C2EE07}"
EndProject
Project("{FAE04EC0-301F-11D3-BF4B-00C04F79EFBC}") = "ConsoleClient", "ConsoleClient\ConsoleClient.csproj", "{8F964BA4-7026-49E6-BCF3-2DDD41A5AEC4}"
EndProject
Project("{FAE04EC0-301F-11D3-BF4B-00C04F79EFBC}") = "Data", "Data\Data.csproj", "{CB024481-F1CE-4260-8ED3-3AF1C2FF4144}"
EndProject
Project("{FAE04EC0-301F-11D3-BF4B-00C04F79EFBC}") = "Generator", "Generator\Generator.csproj", "{DEE67CE7-D114-4622-B1A0-BC635CD6BB6D}"
EndProject
Project("{FAE04EC0-301F-11D3-BF4B-00C04F79EFBC}") = "Data.Parse", "Data.Parse\Data.Parse.csproj", "{8F601B57-476F-44F5-B3D5-34416638679B}"
EndProject
Project("{FAE04EC0-301F-11D3-BF4B-00C04F79EFBC}") = "Data.Common", "Data.Common\Data.Common.csproj", "{223BE9B3-F443-48E5-BCB5-D056414BB818}"
EndProject
Project("{FAE04EC0-301F-11D3-BF4B-00C04F79EFBC}") = "View", "View\View.csproj", "{D016A496-A0D5-479C-A69C-87DE00C1543C}"
EndProject
Project("{FAE04EC0-301F-11D3-BF4B-00C04F79EFBC}") = "ORM", "ORM\ORM.csproj", "{13EBBCB0-A6DA-453B-9BFC-7E633E455580}"
EndProject
Project("{FAE04EC0-301F-11D3-BF4B-00C04F79EFBC}") = "TCP", "TCP\TCP.csproj", "{873BA375-F5A2-4788-81C1-D56AF551004B}"
EndProject
Project("{2150E333-8FDC-42A3-9474-1A3956D46DE8}") = "Queue", "Queue", "{5E6FB22C-BB85-4FC9-A709-4F9F899DA9D2}"
EndProject
Project("{FAE04EC0-301F-11D3-BF4B-00C04F79EFBC}") = "Queue.Server.Console", "Queue.Server.Console\Queue.Server.Console.csproj", "{DF3E873A-77C7-459F-BBDF-03C7CD217D07}"
EndProject
Project("{FAE04EC0-301F-11D3-BF4B-00C04F79EFBC}") = "Queue.Server", "Queue.Server\Queue.Server.csproj", "{0094942F-9B15-49B3-BD49-74E4723B7268}"
EndProject
Project("{FAE04EC0-301F-11D3-BF4B-00C04F79EFBC}") = "Queue", "Queue\Queue.csproj", "{E91D75BD-0E4C-4487-8C3D-5AE3E26A48D2}"
EndProject
Project("{FAE04EC0-301F-11D3-BF4B-00C04F79EFBC}") = "Algorithms", "Algorithms\Algorithms.csproj", "{7E9A4C58-7C83-4B57-BE25-25C6C8B11A51}"
EndProject
Project("{2150E333-8FDC-42A3-9474-1A3956D46DE8}") = "DDD", "DDD", "{B0436C23-E4FC-40CE-8FAB-50E534567F08}"
EndProject
Project("{FAE04EC0-301F-11D3-BF4B-00C04F79EFBC}") = "DDD.CoreDomain", "DDD.CoreDomain\DDD.CoreDomain.csproj", "{AC31A6C3-82F7-4A64-84F2-C9D7A7A5FA94}"
EndProject
Project("{FAE04EC0-301F-11D3-BF4B-00C04F79EFBC}") = "DDD.Test", "DDD.Test\DDD.Test.csproj", "{8CC23E01-0285-4DFB-B50D-BA0ECB91D3CA}"
EndProject
Project("{2150E333-8FDC-42A3-9474-1A3956D46DE8}") = "Functional", "Functional", "{902BFEB4-D6D1-4109-80C3-0D8906B354A7}"
EndProject
Project("{FAE04EC0-301F-11D3-BF4B-00C04F79EFBC}") = "FunctionalExamples", "FunctionalExamples\FunctionalExamples.csproj", "{5ADE61D4-F740-42DD-8238-847D4806D9D0}"
EndProject
Project("{FAE04EC0-301F-11D3-BF4B-00C04F79EFBC}") = "FunctionalTests", "FunctionalTests\FunctionalTests.csproj", "{6F6941E1-C984-4BFC-A448-1574DA2BBF92}"
EndProject
Global
	GlobalSection(SolutionConfigurationPlatforms) = preSolution
		Debug|Any CPU = Debug|Any CPU
		Release|Any CPU = Release|Any CPU
	EndGlobalSection
	GlobalSection(ProjectConfigurationPlatforms) = postSolution
		{5608FD83-D1D0-44CA-B70E-57FC084E8B27}.Debug|Any CPU.ActiveCfg = Debug|Any CPU
		{5608FD83-D1D0-44CA-B70E-57FC084E8B27}.Debug|Any CPU.Build.0 = Debug|Any CPU
		{5608FD83-D1D0-44CA-B70E-57FC084E8B27}.Release|Any CPU.ActiveCfg = Release|Any CPU
		{5608FD83-D1D0-44CA-B70E-57FC084E8B27}.Release|Any CPU.Build.0 = Release|Any CPU
		{32089015-9411-405D-A528-98D4EBA30979}.Debug|Any CPU.ActiveCfg = Debug|Any CPU
		{32089015-9411-405D-A528-98D4EBA30979}.Debug|Any CPU.Build.0 = Debug|Any CPU
		{32089015-9411-405D-A528-98D4EBA30979}.Release|Any CPU.ActiveCfg = Release|Any CPU
		{32089015-9411-405D-A528-98D4EBA30979}.Release|Any CPU.Build.0 = Release|Any CPU
		{E5B996DA-7525-475B-96C7-41ED32C800AC}.Debug|Any CPU.ActiveCfg = Debug|Any CPU
		{E5B996DA-7525-475B-96C7-41ED32C800AC}.Debug|Any CPU.Build.0 = Debug|Any CPU
		{E5B996DA-7525-475B-96C7-41ED32C800AC}.Release|Any CPU.ActiveCfg = Release|Any CPU
		{E5B996DA-7525-475B-96C7-41ED32C800AC}.Release|Any CPU.Build.0 = Release|Any CPU
		{52381417-D8CB-46D3-9770-8FDE68C2EE07}.Debug|Any CPU.ActiveCfg = Debug|Any CPU
		{52381417-D8CB-46D3-9770-8FDE68C2EE07}.Debug|Any CPU.Build.0 = Debug|Any CPU
		{52381417-D8CB-46D3-9770-8FDE68C2EE07}.Release|Any CPU.ActiveCfg = Release|Any CPU
		{52381417-D8CB-46D3-9770-8FDE68C2EE07}.Release|Any CPU.Build.0 = Release|Any CPU
		{8F964BA4-7026-49E6-BCF3-2DDD41A5AEC4}.Debug|Any CPU.ActiveCfg = Debug|Any CPU
		{8F964BA4-7026-49E6-BCF3-2DDD41A5AEC4}.Debug|Any CPU.Build.0 = Debug|Any CPU
		{8F964BA4-7026-49E6-BCF3-2DDD41A5AEC4}.Release|Any CPU.ActiveCfg = Release|Any CPU
		{8F964BA4-7026-49E6-BCF3-2DDD41A5AEC4}.Release|Any CPU.Build.0 = Release|Any CPU
		{CB024481-F1CE-4260-8ED3-3AF1C2FF4144}.Debug|Any CPU.ActiveCfg = Debug|Any CPU
		{CB024481-F1CE-4260-8ED3-3AF1C2FF4144}.Debug|Any CPU.Build.0 = Debug|Any CPU
		{CB024481-F1CE-4260-8ED3-3AF1C2FF4144}.Release|Any CPU.ActiveCfg = Release|Any CPU
		{CB024481-F1CE-4260-8ED3-3AF1C2FF4144}.Release|Any CPU.Build.0 = Release|Any CPU
		{DEE67CE7-D114-4622-B1A0-BC635CD6BB6D}.Debug|Any CPU.ActiveCfg = Debug|Any CPU
		{DEE67CE7-D114-4622-B1A0-BC635CD6BB6D}.Debug|Any CPU.Build.0 = Debug|Any CPU
		{DEE67CE7-D114-4622-B1A0-BC635CD6BB6D}.Release|Any CPU.ActiveCfg = Release|Any CPU
		{DEE67CE7-D114-4622-B1A0-BC635CD6BB6D}.Release|Any CPU.Build.0 = Release|Any CPU
		{8F601B57-476F-44F5-B3D5-34416638679B}.Debug|Any CPU.ActiveCfg = Debug|Any CPU
		{8F601B57-476F-44F5-B3D5-34416638679B}.Debug|Any CPU.Build.0 = Debug|Any CPU
		{8F601B57-476F-44F5-B3D5-34416638679B}.Release|Any CPU.ActiveCfg = Release|Any CPU
		{8F601B57-476F-44F5-B3D5-34416638679B}.Release|Any CPU.Build.0 = Release|Any CPU
		{223BE9B3-F443-48E5-BCB5-D056414BB818}.Debug|Any CPU.ActiveCfg = Debug|Any CPU
		{223BE9B3-F443-48E5-BCB5-D056414BB818}.Debug|Any CPU.Build.0 = Debug|Any CPU
		{223BE9B3-F443-48E5-BCB5-D056414BB818}.Release|Any CPU.ActiveCfg = Release|Any CPU
		{223BE9B3-F443-48E5-BCB5-D056414BB818}.Release|Any CPU.Build.0 = Release|Any CPU
		{D016A496-A0D5-479C-A69C-87DE00C1543C}.Debug|Any CPU.ActiveCfg = Debug|Any CPU
		{D016A496-A0D5-479C-A69C-87DE00C1543C}.Debug|Any CPU.Build.0 = Debug|Any CPU
		{D016A496-A0D5-479C-A69C-87DE00C1543C}.Release|Any CPU.ActiveCfg = Release|Any CPU
		{D016A496-A0D5-479C-A69C-87DE00C1543C}.Release|Any CPU.Build.0 = Release|Any CPU
		{13EBBCB0-A6DA-453B-9BFC-7E633E455580}.Debug|Any CPU.ActiveCfg = Debug|Any CPU
		{13EBBCB0-A6DA-453B-9BFC-7E633E455580}.Debug|Any CPU.Build.0 = Debug|Any CPU
		{13EBBCB0-A6DA-453B-9BFC-7E633E455580}.Release|Any CPU.ActiveCfg = Release|Any CPU
		{13EBBCB0-A6DA-453B-9BFC-7E633E455580}.Release|Any CPU.Build.0 = Release|Any CPU
		{873BA375-F5A2-4788-81C1-D56AF551004B}.Debug|Any CPU.ActiveCfg = Debug|Any CPU
		{873BA375-F5A2-4788-81C1-D56AF551004B}.Debug|Any CPU.Build.0 = Debug|Any CPU
		{873BA375-F5A2-4788-81C1-D56AF551004B}.Release|Any CPU.ActiveCfg = Release|Any CPU
		{873BA375-F5A2-4788-81C1-D56AF551004B}.Release|Any CPU.Build.0 = Release|Any CPU
		{DF3E873A-77C7-459F-BBDF-03C7CD217D07}.Debug|Any CPU.ActiveCfg = Debug|Any CPU
		{DF3E873A-77C7-459F-BBDF-03C7CD217D07}.Debug|Any CPU.Build.0 = Debug|Any CPU
		{DF3E873A-77C7-459F-BBDF-03C7CD217D07}.Release|Any CPU.ActiveCfg = Release|Any CPU
		{DF3E873A-77C7-459F-BBDF-03C7CD217D07}.Release|Any CPU.Build.0 = Release|Any CPU
		{0094942F-9B15-49B3-BD49-74E4723B7268}.Debug|Any CPU.ActiveCfg = Debug|Any CPU
		{0094942F-9B15-49B3-BD49-74E4723B7268}.Debug|Any CPU.Build.0 = Debug|Any CPU
		{0094942F-9B15-49B3-BD49-74E4723B7268}.Release|Any CPU.ActiveCfg = Release|Any CPU
		{0094942F-9B15-49B3-BD49-74E4723B7268}.Release|Any CPU.Build.0 = Release|Any CPU
		{E91D75BD-0E4C-4487-8C3D-5AE3E26A48D2}.Debug|Any CPU.ActiveCfg = Debug|Any CPU
		{E91D75BD-0E4C-4487-8C3D-5AE3E26A48D2}.Debug|Any CPU.Build.0 = Debug|Any CPU
		{E91D75BD-0E4C-4487-8C3D-5AE3E26A48D2}.Release|Any CPU.ActiveCfg = Release|Any CPU
		{E91D75BD-0E4C-4487-8C3D-5AE3E26A48D2}.Release|Any CPU.Build.0 = Release|Any CPU
		{7E9A4C58-7C83-4B57-BE25-25C6C8B11A51}.Debug|Any CPU.ActiveCfg = Debug|Any CPU
		{7E9A4C58-7C83-4B57-BE25-25C6C8B11A51}.Debug|Any CPU.Build.0 = Debug|Any CPU
		{7E9A4C58-7C83-4B57-BE25-25C6C8B11A51}.Release|Any CPU.ActiveCfg = Release|Any CPU
		{7E9A4C58-7C83-4B57-BE25-25C6C8B11A51}.Release|Any CPU.Build.0 = Release|Any CPU
		{AC31A6C3-82F7-4A64-84F2-C9D7A7A5FA94}.Debug|Any CPU.ActiveCfg = Debug|Any CPU
		{AC31A6C3-82F7-4A64-84F2-C9D7A7A5FA94}.Debug|Any CPU.Build.0 = Debug|Any CPU
		{AC31A6C3-82F7-4A64-84F2-C9D7A7A5FA94}.Release|Any CPU.ActiveCfg = Release|Any CPU
		{AC31A6C3-82F7-4A64-84F2-C9D7A7A5FA94}.Release|Any CPU.Build.0 = Release|Any CPU
		{8CC23E01-0285-4DFB-B50D-BA0ECB91D3CA}.Debug|Any CPU.ActiveCfg = Debug|Any CPU
		{8CC23E01-0285-4DFB-B50D-BA0ECB91D3CA}.Debug|Any CPU.Build.0 = Debug|Any CPU
		{8CC23E01-0285-4DFB-B50D-BA0ECB91D3CA}.Release|Any CPU.ActiveCfg = Release|Any CPU
		{8CC23E01-0285-4DFB-B50D-BA0ECB91D3CA}.Release|Any CPU.Build.0 = Release|Any CPU
		{5ADE61D4-F740-42DD-8238-847D4806D9D0}.Debug|Any CPU.ActiveCfg = Debug|Any CPU
		{5ADE61D4-F740-42DD-8238-847D4806D9D0}.Debug|Any CPU.Build.0 = Debug|Any CPU
		{5ADE61D4-F740-42DD-8238-847D4806D9D0}.Release|Any CPU.ActiveCfg = Release|Any CPU
		{5ADE61D4-F740-42DD-8238-847D4806D9D0}.Release|Any CPU.Build.0 = Release|Any CPU
		{6F6941E1-C984-4BFC-A448-1574DA2BBF92}.Debug|Any CPU.ActiveCfg = Debug|Any CPU
		{6F6941E1-C984-4BFC-A448-1574DA2BBF92}.Debug|Any CPU.Build.0 = Debug|Any CPU
		{6F6941E1-C984-4BFC-A448-1574DA2BBF92}.Release|Any CPU.ActiveCfg = Release|Any CPU
		{6F6941E1-C984-4BFC-A448-1574DA2BBF92}.Release|Any CPU.Build.0 = Release|Any CPU
	EndGlobalSection
	GlobalSection(SolutionProperties) = preSolution
		HideSolutionNode = FALSE
	EndGlobalSection
	GlobalSection(NestedProjects) = preSolution
		{DF3E873A-77C7-459F-BBDF-03C7CD217D07} = {5E6FB22C-BB85-4FC9-A709-4F9F899DA9D2}
		{0094942F-9B15-49B3-BD49-74E4723B7268} = {5E6FB22C-BB85-4FC9-A709-4F9F899DA9D2}
		{E91D75BD-0E4C-4487-8C3D-5AE3E26A48D2} = {5E6FB22C-BB85-4FC9-A709-4F9F899DA9D2}
		{AC31A6C3-82F7-4A64-84F2-C9D7A7A5FA94} = {B0436C23-E4FC-40CE-8FAB-50E534567F08}
		{8CC23E01-0285-4DFB-B50D-BA0ECB91D3CA} = {B0436C23-E4FC-40CE-8FAB-50E534567F08}
		{5ADE61D4-F740-42DD-8238-847D4806D9D0} = {902BFEB4-D6D1-4109-80C3-0D8906B354A7}
		{6F6941E1-C984-4BFC-A448-1574DA2BBF92} = {902BFEB4-D6D1-4109-80C3-0D8906B354A7}
	EndGlobalSection
EndGlobal
